
Microsoft Visual Studio Solution File, Format Version 12.00
# Visual Studio Version 17
VisualStudioVersion = 17.7.34024.191
MinimumVisualStudioVersion = 10.0.40219.1
Project("{2150E333-8FDC-42A3-9474-1A3956D46DE8}") = "MAUI", "MAUI", "{5D2D86AA-B6C2-44A2-8550-452C0B15C702}"
EndProject
Project("{9A19103F-16F7-4668-BE54-9A1E7A4F7556}") = "420BytesClient.App", "420BytesClient.App\420BytesClient.App.csproj", "{4FDBBDDD-A262-460E-902B-97C7DF2FD209}"
EndProject
Project("{9A19103F-16F7-4668-BE54-9A1E7A4F7556}") = "420BytesClient.DT", "420BytesClient.DT\420BytesClient.DT.csproj", "{5E97661D-FB4E-48E6-A676-09F858DEB749}"
EndProject
Project("{2150E333-8FDC-42A3-9474-1A3956D46DE8}") = "Transversales", "Transversales", "{EC7E325A-C4EC-4F4F-B3BA-BA022C17DD77}"
EndProject
Project("{9A19103F-16F7-4668-BE54-9A1E7A4F7556}") = "TestProyect", "TestProyect\TestProyect.csproj", "{3A7E0F71-0F66-48AA-B295-8F9F0FA71B46}"
EndProject
Global
	GlobalSection(SolutionConfigurationPlatforms) = preSolution
		Debug|Any CPU = Debug|Any CPU
		Release|Any CPU = Release|Any CPU
	EndGlobalSection
	GlobalSection(ProjectConfigurationPlatforms) = postSolution
		{4FDBBDDD-A262-460E-902B-97C7DF2FD209}.Debug|Any CPU.ActiveCfg = Debug|Any CPU
		{4FDBBDDD-A262-460E-902B-97C7DF2FD209}.Debug|Any CPU.Build.0 = Debug|Any CPU
		{4FDBBDDD-A262-460E-902B-97C7DF2FD209}.Debug|Any CPU.Deploy.0 = Debug|Any CPU
		{4FDBBDDD-A262-460E-902B-97C7DF2FD209}.Release|Any CPU.ActiveCfg = Release|Any CPU
		{4FDBBDDD-A262-460E-902B-97C7DF2FD209}.Release|Any CPU.Build.0 = Release|Any CPU
		{4FDBBDDD-A262-460E-902B-97C7DF2FD209}.Release|Any CPU.Deploy.0 = Release|Any CPU
		{5E97661D-FB4E-48E6-A676-09F858DEB749}.Debug|Any CPU.ActiveCfg = Debug|Any CPU
		{5E97661D-FB4E-48E6-A676-09F858DEB749}.Debug|Any CPU.Build.0 = Debug|Any CPU
		{5E97661D-FB4E-48E6-A676-09F858DEB749}.Release|Any CPU.ActiveCfg = Release|Any CPU
		{5E97661D-FB4E-48E6-A676-09F858DEB749}.Release|Any CPU.Build.0 = Release|Any CPU
		{3A7E0F71-0F66-48AA-B295-8F9F0FA71B46}.Debug|Any CPU.ActiveCfg = Debug|Any CPU
		{3A7E0F71-0F66-48AA-B295-8F9F0FA71B46}.Debug|Any CPU.Build.0 = Debug|Any CPU
		{3A7E0F71-0F66-48AA-B295-8F9F0FA71B46}.Debug|Any CPU.Deploy.0 = Debug|Any CPU
		{3A7E0F71-0F66-48AA-B295-8F9F0FA71B46}.Release|Any CPU.ActiveCfg = Release|Any CPU
		{3A7E0F71-0F66-48AA-B295-8F9F0FA71B46}.Release|Any CPU.Build.0 = Release|Any CPU
		{3A7E0F71-0F66-48AA-B295-8F9F0FA71B46}.Release|Any CPU.Deploy.0 = Release|Any CPU
	EndGlobalSection
	GlobalSection(SolutionProperties) = preSolution
		HideSolutionNode = FALSE
	EndGlobalSection
	GlobalSection(NestedProjects) = preSolution
		{4FDBBDDD-A262-460E-902B-97C7DF2FD209} = {5D2D86AA-B6C2-44A2-8550-452C0B15C702}
		{5E97661D-FB4E-48E6-A676-09F858DEB749} = {EC7E325A-C4EC-4F4F-B3BA-BA022C17DD77}
		{3A7E0F71-0F66-48AA-B295-8F9F0FA71B46} = {5D2D86AA-B6C2-44A2-8550-452C0B15C702}
	EndGlobalSection
	GlobalSection(ExtensibilityGlobals) = postSolution
		SolutionGuid = {5E4450FC-9226-4423-B201-689069A07C1A}
	EndGlobalSection
EndGlobal
